// !$*UTF8*$!
{
	archiveVersion = 1;
	classes = {
	};
	objectVersion = 50;
	objects = {

/* Begin PBXBuildFile section */
		1ECF07E70BD28E1021399D70CFA3FECF /* main.swift in Sources */ = {isa = PBXBuildFile; fileRef = 004B6C41D9C29E526E28140ABB43780D /* main.swift */; };
		554D881FC6505E26EA1CB8BBF8646834 /* PRODUCTNAMETests.swift in Sources */ = {isa = PBXBuildFile; fileRef = DAE485878E8DC6E901F8A901FE489A4C /* PRODUCTNAMETests.swift */; };
		70BF07B09C9827C0B5FE42B792978795 /* main.swift in Sources */ = {isa = PBXBuildFile; fileRef = 004B6C41D9C29E526E28140ABB43780D /* main.swift */; };
/* End PBXBuildFile section */

/* Begin PBXCopyFilesBuildPhase section */
		6F1B1175E4F263D9287EA4FF2FB0C18A /* CopyFiles */ = {
			isa = PBXCopyFilesBuildPhase;
			buildActionMask = 2147483647;
			dstPath = /usr/share/man/man1/;
			dstSubfolderSpec = 0;
			files = (
			);
			runOnlyForDeploymentPostprocessing = 1;
		};
/* End PBXCopyFilesBuildPhase section */

/* Begin PBXFileReference section */
		004B6C41D9C29E526E28140ABB43780D /* main.swift */ = {isa = PBXFileReference; lastKnownFileType = sourcecode.swift; path = main.swift; sourceTree = "<group>"; };
		6B062AB93E5112162993CEE3E42857A8 /* PRODUCTNAMETests.xctest */ = {isa = PBXFileReference; explicitFileType = wrapper.cfbundle; includeInIndex = 0; path = PRODUCTNAMETests.xctest; sourceTree = BUILT_PRODUCTS_DIR; };
		A84F8DFB3633E6ADB06A10B71AB8EAFA /* Info.plist */ = {isa = PBXFileReference; lastKnownFileType = text.plist.xml; path = Info.plist; sourceTree = "<group>"; };
		BCD8722A796D50BD90D66317385CE756 /* PRODUCTNAME */ = {isa = PBXFileReference; explicitFileType = "compiled.mach-o.executable"; includeInIndex = 0; path = PRODUCTNAME; sourceTree = BUILT_PRODUCTS_DIR; };
		DAE485878E8DC6E901F8A901FE489A4C /* PRODUCTNAMETests.swift */ = {isa = PBXFileReference; lastKnownFileType = sourcecode.swift; path = PRODUCTNAMETests.swift; sourceTree = "<group>"; };
/* End PBXFileReference section */

/* Begin PBXFrameworksBuildPhase section */
		B9D45282952A57774DB69E6AE93F968E /* Frameworks */ = {
			isa = PBXFrameworksBuildPhase;
			buildActionMask = 2147483647;
			files = (
			);
			runOnlyForDeploymentPostprocessing = 0;
		};
		4305CE82A3249E1541D5EDFDC2F1E565 /* Frameworks */ = {
			isa = PBXFrameworksBuildPhase;
			buildActionMask = 2147483647;
			files = (
			);
			runOnlyForDeploymentPostprocessing = 0;
		};
/* End PBXFrameworksBuildPhase section */

/* Begin PBXGroup section */
		21E5C5EF19F5FF7A0BBF65FD8403D844 /* PRODUCTNAMETests */ = {
			isa = PBXGroup;
			children = (
				A84F8DFB3633E6ADB06A10B71AB8EAFA /* Info.plist */,
				DAE485878E8DC6E901F8A901FE489A4C /* PRODUCTNAMETests.swift */,
			);
			path = PRODUCTNAMETests;
			sourceTree = "<group>";
		};
		D0353C198D876911FEABE30E5DF03382 = {
			isa = PBXGroup;
			children = (
				D4D08BF947FCC3730D8B02C08B140804 /* PRODUCTNAME */,
				21E5C5EF19F5FF7A0BBF65FD8403D844 /* PRODUCTNAMETests */,
				384258357338255129576D23DF9AFA5C /* Products */,
			);
			sourceTree = "<group>";
		};
		384258357338255129576D23DF9AFA5C /* Products */ = {
			isa = PBXGroup;
			children = (
				BCD8722A796D50BD90D66317385CE756 /* PRODUCTNAME */,
				6B062AB93E5112162993CEE3E42857A8 /* PRODUCTNAMETests.xctest */,
			);
			name = Products;
			sourceTree = "<group>";
		};
		D4D08BF947FCC3730D8B02C08B140804 /* PRODUCTNAME */ = {
			isa = PBXGroup;
			children = (
				004B6C41D9C29E526E28140ABB43780D /* main.swift */,
			);
			path = PRODUCTNAME;
			sourceTree = "<group>";
		};
/* End PBXGroup section */

/* Begin PBXNativeTarget section */
		CA41F45AC76D780EB41F2D20DD939971 /* PRODUCTNAMETests */ = {
			isa = PBXNativeTarget;
			buildConfigurationList = E829EF28838F39D5899AFE60B86B76EA /* Build configuration list for PBXNativeTarget "PRODUCTNAMETests" */;
			buildPhases = (
				A2F193F9F9E0A97F19683A0D06275F98 /* Sources */,
				B9D45282952A57774DB69E6AE93F968E /* Frameworks */,
				947B6EB2B29EF9E3AE4338D41ECE94EE /* Resources */,
			);
			buildRules = (
			);
			dependencies = (
			);
			name = PRODUCTNAMETests;
			productName = PRODUCTNAMETests;
			productReference = 6B062AB93E5112162993CEE3E42857A8 /* PRODUCTNAMETests.xctest */;
			productType = "com.apple.product-type.bundle.unit-test";
		};
		4D52014EB3F0AEF63FD37E491078A8C0 /* PRODUCTNAME */ = {
			isa = PBXNativeTarget;
			buildConfigurationList = A60B46EC25E250ECD023415EB4B21FB8 /* Build configuration list for PBXNativeTarget "PRODUCTNAME" */;
			buildPhases = (
				8C1964476EEDA380E7A2A2340FF6E3A7 /* Sources */,
				4305CE82A3249E1541D5EDFDC2F1E565 /* Frameworks */,
				6F1B1175E4F263D9287EA4FF2FB0C18A /* CopyFiles */,
			);
			buildRules = (
			);
			dependencies = (
			);
			name = PRODUCTNAME;
			productName = PRODUCTNAME;
			productReference = BCD8722A796D50BD90D66317385CE756 /* PRODUCTNAME */;
			productType = "com.apple.product-type.tool";
		};
/* End PBXNativeTarget section */

/* Begin PBXProject section */
		1FD2D4A0719776DD084EC9915CC3C2A4 /* Project object */ = {
			isa = PBXProject;
			attributes = {
				LastSwiftUpdateCheck = 1010;
				LastUpgradeCheck = 1010;
				ORGANIZATIONNAME = ORGANIZATIONNAME;
				TargetAttributes = {
					CA41F45AC76D780EB41F2D20DD939971 = {
						CreatedOnToolsVersion = 10.1;
					};
					4D52014EB3F0AEF63FD37E491078A8C0 = {
						CreatedOnToolsVersion = 10.1;
					};
				};
			};
			buildConfigurationList = 030C26510B740B5F00675E01F5205680 /* Build configuration list for PBXProject "PRODUCTNAME" */;
			compatibilityVersion = "Xcode 9.3";
			developmentRegion = en;
			hasScannedForEncodings = 0;
			knownRegions = (
				en,
			);
			mainGroup = D0353C198D876911FEABE30E5DF03382;
			productRefGroup = 384258357338255129576D23DF9AFA5C /* Products */;
			projectDirPath = "";
			projectRoot = "";
			targets = (
				4D52014EB3F0AEF63FD37E491078A8C0 /* PRODUCTNAME */,
				CA41F45AC76D780EB41F2D20DD939971 /* PRODUCTNAMETests */,
			);
		};
/* End PBXProject section */

/* Begin PBXResourcesBuildPhase section */
		947B6EB2B29EF9E3AE4338D41ECE94EE /* Resources */ = {
			isa = PBXResourcesBuildPhase;
			buildActionMask = 2147483647;
			files = (
			);
			runOnlyForDeploymentPostprocessing = 0;
		};
/* End PBXResourcesBuildPhase section */

/* Begin PBXSourcesBuildPhase section */
		A2F193F9F9E0A97F19683A0D06275F98 /* Sources */ = {
			isa = PBXSourcesBuildPhase;
			buildActionMask = 2147483647;
			files = (
				554D881FC6505E26EA1CB8BBF8646834 /* PRODUCTNAMETests.swift in Sources */,
				70BF07B09C9827C0B5FE42B792978795 /* main.swift in Sources */,
			);
			runOnlyForDeploymentPostprocessing = 0;
		};
		8C1964476EEDA380E7A2A2340FF6E3A7 /* Sources */ = {
			isa = PBXSourcesBuildPhase;
			buildActionMask = 2147483647;
			files = (
				1ECF07E70BD28E1021399D70CFA3FECF /* main.swift in Sources */,
			);
			runOnlyForDeploymentPostprocessing = 0;
		};
/* End PBXSourcesBuildPhase section */

/* Begin XCBuildConfiguration section */
		D5598F780FB5E21418B88A74A45AD9AF /* Debug */ = {
			isa = XCBuildConfiguration;
			buildSettings = {
				CODE_SIGN_IDENTITY = "-";
				CODE_SIGN_STYLE = Automatic;
				COMBINE_HIDPI_IMAGES = YES;
				INFOPLIST_FILE = PRODUCTNAMETests/Info.plist;
				LD_RUNPATH_SEARCH_PATHS = (
					"$(inherited)",
					"@executable_path/../Frameworks",
					"@loader_path/../Frameworks",
				);
				PRODUCT_BUNDLE_IDENTIFIER = ORGANIZATIONIDENTIFIER.PRODUCTNAMETests;
				PRODUCT_NAME = "$(TARGET_NAME)";
				SWIFT_VERSION = 4.2;
			};
			name = Debug;
		};
		C08878B5B34B2735ED467C8B77307F81 /* Release */ = {
			isa = XCBuildConfiguration;
			buildSettings = {
				CODE_SIGN_IDENTITY = "-";
				CODE_SIGN_STYLE = Automatic;
				COMBINE_HIDPI_IMAGES = YES;
				INFOPLIST_FILE = PRODUCTNAMETests/Info.plist;
				LD_RUNPATH_SEARCH_PATHS = (
					"$(inherited)",
					"@executable_path/../Frameworks",
					"@loader_path/../Frameworks",
				);
				PRODUCT_BUNDLE_IDENTIFIER = ORGANIZATIONIDENTIFIER.PRODUCTNAMETests;
				PRODUCT_NAME = "$(TARGET_NAME)";
				SWIFT_VERSION = 4.2;
			};
			name = Release;
		};
		3B4C3D1B07B171F14983A89A385DB167 /* Debug */ = {
			isa = XCBuildConfiguration;
			buildSettings = {
				ALWAYS_SEARCH_USER_PATHS = NO;
				CLANG_ANALYZER_NONNULL = YES;
				CLANG_ANALYZER_NUMBER_OBJECT_CONVERSION = YES_AGGRESSIVE;
				CLANG_CXX_LANGUAGE_STANDARD = "gnu++14";
				CLANG_CXX_LIBRARY = "libc++";
				CLANG_ENABLE_MODULES = YES;
				CLANG_ENABLE_OBJC_ARC = YES;
				CLANG_ENABLE_OBJC_WEAK = YES;
				CLANG_WARN_BLOCK_CAPTURE_AUTORELEASING = YES;
				CLANG_WARN_BOOL_CONVERSION = YES;
				CLANG_WARN_COMMA = YES;
				CLANG_WARN_CONSTANT_CONVERSION = YES;
				CLANG_WARN_DEPRECATED_OBJC_IMPLEMENTATIONS = YES;
				CLANG_WARN_DIRECT_OBJC_ISA_USAGE = YES_ERROR;
				CLANG_WARN_DOCUMENTATION_COMMENTS = YES;
				CLANG_WARN_EMPTY_BODY = YES;
				CLANG_WARN_ENUM_CONVERSION = YES;
				CLANG_WARN_INFINITE_RECURSION = YES;
				CLANG_WARN_INT_CONVERSION = YES;
				CLANG_WARN_NON_LITERAL_NULL_CONVERSION = YES;
				CLANG_WARN_OBJC_IMPLICIT_RETAIN_SELF = YES;
				CLANG_WARN_OBJC_LITERAL_CONVERSION = YES;
				CLANG_WARN_OBJC_ROOT_CLASS = YES_ERROR;
				CLANG_WARN_RANGE_LOOP_ANALYSIS = YES;
				CLANG_WARN_STRICT_PROTOTYPES = YES;
				CLANG_WARN_SUSPICIOUS_MOVE = YES;
				CLANG_WARN_UNGUARDED_AVAILABILITY = YES_AGGRESSIVE;
				CLANG_WARN_UNREACHABLE_CODE = YES;
				CLANG_WARN__DUPLICATE_METHOD_MATCH = YES;
				CODE_SIGN_IDENTITY = "Mac Developer";
				COPY_PHASE_STRIP = NO;
				DEBUG_INFORMATION_FORMAT = dwarf;
				ENABLE_STRICT_OBJC_MSGSEND = YES;
				ENABLE_TESTABILITY = YES;
				GCC_C_LANGUAGE_STANDARD = gnu11;
				GCC_DYNAMIC_NO_PIC = NO;
				GCC_NO_COMMON_BLOCKS = YES;
				GCC_OPTIMIZATION_LEVEL = 0;
				GCC_PREPROCESSOR_DEFINITIONS = (
					"DEBUG=1",
					"$(inherited)",
				);
				GCC_WARN_64_TO_32_BIT_CONVERSION = YES;
				GCC_WARN_ABOUT_RETURN_TYPE = YES_ERROR;
				GCC_WARN_UNDECLARED_SELECTOR = YES;
				GCC_WARN_UNINITIALIZED_AUTOS = YES_AGGRESSIVE;
				GCC_WARN_UNUSED_FUNCTION = YES;
				GCC_WARN_UNUSED_VARIABLE = YES;
				MACOSX_DEPLOYMENT_TARGET = 10.14;
				MTL_ENABLE_DEBUG_INFO = INCLUDE_SOURCE;
				MTL_FAST_MATH = YES;
				ONLY_ACTIVE_ARCH = YES;
				SDKROOT = macosx;
				SWIFT_ACTIVE_COMPILATION_CONDITIONS = DEBUG;
				SWIFT_OPTIMIZATION_LEVEL = "-Onone";
			};
			name = Debug;
		};
		29CDA6285934BF1DFA84E0DB658E09EB /* Release */ = {
			isa = XCBuildConfiguration;
			buildSettings = {
				ALWAYS_SEARCH_USER_PATHS = NO;
				CLANG_ANALYZER_NONNULL = YES;
				CLANG_ANALYZER_NUMBER_OBJECT_CONVERSION = YES_AGGRESSIVE;
				CLANG_CXX_LANGUAGE_STANDARD = "gnu++14";
				CLANG_CXX_LIBRARY = "libc++";
				CLANG_ENABLE_MODULES = YES;
				CLANG_ENABLE_OBJC_ARC = YES;
				CLANG_ENABLE_OBJC_WEAK = YES;
				CLANG_WARN_BLOCK_CAPTURE_AUTORELEASING = YES;
				CLANG_WARN_BOOL_CONVERSION = YES;
				CLANG_WARN_COMMA = YES;
				CLANG_WARN_CONSTANT_CONVERSION = YES;
				CLANG_WARN_DEPRECATED_OBJC_IMPLEMENTATIONS = YES;
				CLANG_WARN_DIRECT_OBJC_ISA_USAGE = YES_ERROR;
				CLANG_WARN_DOCUMENTATION_COMMENTS = YES;
				CLANG_WARN_EMPTY_BODY = YES;
				CLANG_WARN_ENUM_CONVERSION = YES;
				CLANG_WARN_INFINITE_RECURSION = YES;
				CLANG_WARN_INT_CONVERSION = YES;
				CLANG_WARN_NON_LITERAL_NULL_CONVERSION = YES;
				CLANG_WARN_OBJC_IMPLICIT_RETAIN_SELF = YES;
				CLANG_WARN_OBJC_LITERAL_CONVERSION = YES;
				CLANG_WARN_OBJC_ROOT_CLASS = YES_ERROR;
				CLANG_WARN_RANGE_LOOP_ANALYSIS = YES;
				CLANG_WARN_STRICT_PROTOTYPES = YES;
				CLANG_WARN_SUSPICIOUS_MOVE = YES;
				CLANG_WARN_UNGUARDED_AVAILABILITY = YES_AGGRESSIVE;
				CLANG_WARN_UNREACHABLE_CODE = YES;
				CLANG_WARN__DUPLICATE_METHOD_MATCH = YES;
				CODE_SIGN_IDENTITY = "Mac Developer";
				COPY_PHASE_STRIP = NO;
				DEBUG_INFORMATION_FORMAT = "dwarf-with-dsym";
				ENABLE_NS_ASSERTIONS = NO;
				ENABLE_STRICT_OBJC_MSGSEND = YES;
				GCC_C_LANGUAGE_STANDARD = gnu11;
				GCC_NO_COMMON_BLOCKS = YES;
				GCC_WARN_64_TO_32_BIT_CONVERSION = YES;
				GCC_WARN_ABOUT_RETURN_TYPE = YES_ERROR;
				GCC_WARN_UNDECLARED_SELECTOR = YES;
				GCC_WARN_UNINITIALIZED_AUTOS = YES_AGGRESSIVE;
				GCC_WARN_UNUSED_FUNCTION = YES;
				GCC_WARN_UNUSED_VARIABLE = YES;
				MACOSX_DEPLOYMENT_TARGET = 10.14;
				MTL_ENABLE_DEBUG_INFO = NO;
				MTL_FAST_MATH = YES;
				SDKROOT = macosx;
				SWIFT_COMPILATION_MODE = wholemodule;
				SWIFT_OPTIMIZATION_LEVEL = "-O";
			};
			name = Release;
		};
		F593A7026C13F51E3384B7ADA351F15A /* Debug */ = {
			isa = XCBuildConfiguration;
			buildSettings = {
				CODE_SIGN_IDENTITY = "Mac Developer";
				CODE_SIGN_STYLE = Automatic;
				DEVELOPMENT_TEAM = "";
				PRODUCT_NAME = "$(TARGET_NAME)";
				PROVISIONING_PROFILE_SPECIFIER = "";
				SWIFT_VERSION = 4.2;
			};
			name = Debug;
		};
		54379DF6674E05B7ADEFBCCBB16DBEC2 /* Release */ = {
			isa = XCBuildConfiguration;
			buildSettings = {
				CODE_SIGN_IDENTITY = "Mac Developer";
				CODE_SIGN_STYLE = Automatic;
				DEVELOPMENT_TEAM = "";
				PRODUCT_NAME = "$(TARGET_NAME)";
				PROVISIONING_PROFILE_SPECIFIER = "";
				SWIFT_VERSION = 4.2;
			};
			name = Release;
		};
/* End XCBuildConfiguration section */

/* Begin XCConfigurationList section */
		E829EF28838F39D5899AFE60B86B76EA /* Build configuration list for PBXNativeTarget "PRODUCTNAMETests" */ = {
			isa = XCConfigurationList;
			buildConfigurations = (
				D5598F780FB5E21418B88A74A45AD9AF /* Debug */,
				C08878B5B34B2735ED467C8B77307F81 /* Release */,
			);
			defaultConfigurationIsVisible = 0;
			defaultConfigurationName = Release;
		};
		030C26510B740B5F00675E01F5205680 /* Build configuration list for PBXProject "PRODUCTNAME" */ = {
			isa = XCConfigurationList;
			buildConfigurations = (
				3B4C3D1B07B171F14983A89A385DB167 /* Debug */,
				29CDA6285934BF1DFA84E0DB658E09EB /* Release */,
			);
			defaultConfigurationIsVisible = 0;
			defaultConfigurationName = Release;
		};
		A60B46EC25E250ECD023415EB4B21FB8 /* Build configuration list for PBXNativeTarget "PRODUCTNAME" */ = {
			isa = XCConfigurationList;
			buildConfigurations = (
				F593A7026C13F51E3384B7ADA351F15A /* Debug */,
				54379DF6674E05B7ADEFBCCBB16DBEC2 /* Release */,
			);
			defaultConfigurationIsVisible = 0;
			defaultConfigurationName = Release;
		};
/* End XCConfigurationList section */
	};
	rootObject = 1FD2D4A0719776DD084EC9915CC3C2A4 /* Project object */;
}
